
Microsoft Visual Studio Solution File, Format Version 12.00
# Visual Studio Version 17
VisualStudioVersion = 17.7.34031.279
MinimumVisualStudioVersion = 10.0.40219.1
Project("{8BC9CEB8-8B4A-11D0-8D11-00A0C91BC942}") = "Sandbox", "Sandbox\Sandbox.vcxproj", "{F2600596-B3F2-4FC2-BA12-D94948A6DBF7}"
EndProject
Project("{8BC9CEB8-8B4A-11D0-8D11-00A0C91BC942}") = "I3ean", "I3ean\I3ean.vcxproj", "{D5C57FD3-3748-4B61-BB13-E816AA5632F8}"
EndProject
Global
	GlobalSection(SolutionConfigurationPlatforms) = preSolution
		Debug|x64 = Debug|x64
		Release|x64 = Release|x64
	EndGlobalSection
	GlobalSection(ProjectConfigurationPlatforms) = postSolution
		{D5C57FD3-3748-4B61-BB13-E816AA5632F8}.Debug|x64.ActiveCfg = Debug|x64
		{D5C57FD3-3748-4B61-BB13-E816AA5632F8}.Debug|x64.Build.0 = Debug|x64
		{D5C57FD3-3748-4B61-BB13-E816AA5632F8}.Release|x64.ActiveCfg = Release|x64
		{D5C57FD3-3748-4B61-BB13-E816AA5632F8}.Release|x64.Build.0 = Release|x64
		{F2600596-B3F2-4FC2-BA12-D94948A6DBF7}.Debug|x64.ActiveCfg = Debug|x64
		{F2600596-B3F2-4FC2-BA12-D94948A6DBF7}.Debug|x64.Build.0 = Debug|x64
		{F2600596-B3F2-4FC2-BA12-D94948A6DBF7}.Release|x64.ActiveCfg = Release|x64
		{F2600596-B3F2-4FC2-BA12-D94948A6DBF7}.Release|x64.Build.0 = Release|x64
	EndGlobalSection
	GlobalSection(SolutionProperties) = preSolution
		HideSolutionNode = FALSE
	EndGlobalSection
	GlobalSection(ExtensibilityGlobals) = postSolution
		SolutionGuid = {5969E9A7-2B02-4C24-8EEE-2788B6E66174}
	EndGlobalSection
EndGlobal
