<?xml version="1.0" encoding="utf-8"?>
<Project ToolsVersion="4.0" xmlns="http://schemas.microsoft.com/developer/msbuild/2003">
  <ItemGroup>
    <Filter Include="I3ean">
      <UniqueIdentifier>{D5AE450D-41C3-6DBE-0A45-111E76186AEF}</UniqueIdentifier>
    </Filter>
  </ItemGroup>
  <ItemGroup>
    <ClInclude Include="src\I3ean.h" />
    <ClInclude Include="src\I3ean\Application.h">
      <Filter>I3ean</Filter>
    </ClInclude>
    <ClInclude Include="src\I3ean\Core.h">
      <Filter>I3ean</Filter>
    </ClInclude>
    <ClInclude Include="src\I3ean\EntryPoint.h">
      <Filter>I3ean</Filter>
    </ClInclude>
    <ClInclude Include="src\I3ean\Log.h">
      <Filter>I3ean</Filter>
    </ClInclude>
  </ItemGroup>
  <ItemGroup>
    <ClCompile Include="src\I3ean\Application.cpp">
      <Filter>I3ean</Filter>
    </ClCompile>
    <ClCompile Include="src\I3ean\Log.cpp">
      <Filter>I3ean</Filter>
    </ClCompile>
  </ItemGroup>
</Project>